{
  "name": "@biothings-explorer/call-apis",
  "version": "1.0.2",
  "lockfileVersion": 1,
  "requires": true,
  "dependencies": {
    "@biothings-explorer/api-response-transform": {
      "version": "1.0.4",
      "resolved": "https://registry.npmjs.org/@biothings-explorer/api-response-transform/-/api-response-transform-1.0.4.tgz",
      "integrity": "sha512-E814TLIP8Sws9chuj35zVg79B3lNJnbNxRi0Q1jy8jqOpwd6YXzUl5Ft4lV8LAnLjTeZ2GWpGq74Yx41UhAfKw==",
      "requires": {
        "@biothings-explorer/json-transformer": "^1.0.0",
        "axios": "^0.19.2"
      }
    },
    "@biothings-explorer/id_resolver": {
      "version": "1.0.0",
      "resolved": "https://registry.npmjs.org/@biothings-explorer/id_resolver/-/id_resolver-1.0.0.tgz",
      "integrity": "sha512-/IXPhwqOozVVkOhQ3rdESyjPvYxyHWV7pPo3rX4UQPOpTNxYItQ6hO2Kyb5DwKqBCVVzP2mwPBb3qZ9gAtBUYA==",
      "requires": {
        "axios": "^0.19.2"
      }
    },
    "@biothings-explorer/json-transformer": {
      "version": "1.0.1",
      "resolved": "https://registry.npmjs.org/@biothings-explorer/json-transformer/-/json-transformer-1.0.1.tgz",
      "integrity": "sha512-NseNBWgWWpI+1JGgZZjLGbXOHcVpJpWRFQvIACEUGcKMMNRiZvU3zaPXnBgQzusGoKYqoT3ubpr3J/gF3WDohA==",
      "requires": {
        "common-path-prefix": "^3.0.0",
        "jsonata": "^1.8.3",
        "lodash": "^4.17.19"
      }
    },
    "axios": {
      "version": "0.19.2",
      "resolved": "https://registry.npmjs.org/axios/-/axios-0.19.2.tgz",
      "integrity": "sha512-fjgm5MvRHLhx+osE2xoekY70AhARk3a6hkN+3Io1jc00jtquGvxYlKlsFUhmUET0V5te6CcZI7lcv2Ym61mjHA==",
      "requires": {
        "follow-redirects": "1.5.10"
      }
    },
    "common-path-prefix": {
      "version": "3.0.0",
      "resolved": "https://registry.npmjs.org/common-path-prefix/-/common-path-prefix-3.0.0.tgz",
      "integrity": "sha512-QE33hToZseCH3jS0qN96O/bSh3kaw/h+Tq7ngyY9eWDUnTlTNUyqfqvCXioLe5Na5jFsL78ra/wuBU4iuEgd4w=="
    },
    "follow-redirects": {
      "version": "1.5.10",
      "resolved": "https://registry.npmjs.org/follow-redirects/-/follow-redirects-1.5.10.tgz",
      "integrity": "sha512-0V5l4Cizzvqt5D44aTXbFZz+FtyXV1vrDN6qrelxtfYQKW0KO0W2T/hkE8xvGa/540LkZlkaUjO4ailYTFtHVQ==",
      "requires": {
        "debug": "=3.1.0"
      },
      "dependencies": {
        "debug": {
          "version": "3.1.0",
          "resolved": "https://registry.npmjs.org/debug/-/debug-3.1.0.tgz",
          "integrity": "sha512-OX8XqP7/1a9cqkxYw2yXss15f26NKWBpDXQd0/uK/KPqdQhxbPa994hnzjcE2VqQpDslf55723cKPUOGSmMY3g==",
          "requires": {
            "ms": "2.0.0"
          }
        },
        "ms": {
          "version": "2.0.0",
          "resolved": "https://registry.npmjs.org/ms/-/ms-2.0.0.tgz",
          "integrity": "sha1-VgiurfwAvmwpAd9fmGF4jeDVl8g="
        }
      }
    },
    "jsonata": {
      "version": "1.8.3",
      "resolved": "https://registry.npmjs.org/jsonata/-/jsonata-1.8.3.tgz",
      "integrity": "sha512-r6ztI6ohbpRo77AxBm6vMs3aHZi2L2PaakW7TCPwSkeGcuAZ/SxXGLWH2Npwqq5+YBM/fg/g0EXg/pI9HvXQ8Q=="
    },
    "lodash": {
      "version": "4.17.19",
      "resolved": "https://registry.npmjs.org/lodash/-/lodash-4.17.19.tgz",
      "integrity": "sha512-JNvd8XER9GQX0v2qJgsaN/mzFCNA5BRe/j8JN9d+tWyGLSodKQHKFicdwNYzWwI3wjRnaKPsGj1XkBjx/F96DQ=="
    }
  }
}
